// !$*UTF8*$!
{
	archiveVersion = 1;
	classes = {
	};
	objectVersion = 48;
	objects = {

/* Begin PBXBuildFile section */
		AB3E4B711FC68FF800341B4F /* AppDelegate.swift in Sources */ = {isa = PBXBuildFile; fileRef = AB3E4B701FC68FF800341B4F /* AppDelegate.swift */; };
		AB3E4B731FC68FF800341B4F /* ViewController.swift in Sources */ = {isa = PBXBuildFile; fileRef = AB3E4B721FC68FF800341B4F /* ViewController.swift */; };
		AB3E4B761FC68FF800341B4F /* Main.storyboard in Resources */ = {isa = PBXBuildFile; fileRef = AB3E4B741FC68FF800341B4F /* Main.storyboard */; };
		AB3E4B781FC68FF800341B4F /* Assets.xcassets in Resources */ = {isa = PBXBuildFile; fileRef = AB3E4B771FC68FF800341B4F /* Assets.xcassets */; };
		AB3E4B7B1FC68FF800341B4F /* LaunchScreen.storyboard in Resources */ = {isa = PBXBuildFile; fileRef = AB3E4B791FC68FF800341B4F /* LaunchScreen.storyboard */; };
/* End PBXBuildFile section */

/* Begin PBXFileReference section */
		AB3E4B6D1FC68FF800341B4F /* One-image-Viewer.app */ = {isa = PBXFileReference; explicitFileType = wrapper.application; includeInIndex = 0; path = "One-image-Viewer.app"; sourceTree = BUILT_PRODUCTS_DIR; };
		AB3E4B701FC68FF800341B4F /* AppDelegate.swift */ = {isa = PBXFileReference; lastKnownFileType = sourcecode.swift; path = AppDelegate.swift; sourceTree = "<group>"; };
		AB3E4B721FC68FF800341B4F /* ViewController.swift */ = {isa = PBXFileReference; lastKnownFileType = sourcecode.swift; path = ViewController.swift; sourceTree = "<group>"; };
		AB3E4B751FC68FF800341B4F /* Base */ = {isa = PBXFileReference; lastKnownFileType = file.storyboard; name = Base; path = Base.lproj/Main.storyboard; sourceTree = "<group>"; };
		AB3E4B771FC68FF800341B4F /* Assets.xcassets */ = {isa = PBXFileReference; lastKnownFileType = folder.assetcatalog; path = Assets.xcassets; sourceTree = "<group>"; };
		AB3E4B7A1FC68FF800341B4F /* Base */ = {isa = PBXFileReference; lastKnownFileType = file.storyboard; name = Base; path = Base.lproj/LaunchScreen.storyboard; sourceTree = "<group>"; };
		AB3E4B7C1FC68FF800341B4F /* Info.plist */ = {isa = PBXFileReference; lastKnownFileType = text.plist.xml; path = Info.plist; sourceTree = "<group>"; };
/* End PBXFileReference section */

/* Begin PBXFrameworksBuildPhase section */
		AB3E4B6A1FC68FF800341B4F /* Frameworks */ = {
			isa = PBXFrameworksBuildPhase;
			buildActionMask = 2147483647;
			files = (
			);
			runOnlyForDeploymentPostprocessing = 0;
		};
/* End PBXFrameworksBuildPhase section */

/* Begin PBXGroup section */
		AB3E4B641FC68FF800341B4F = {
			isa = PBXGroup;
			children = (
				AB3E4B6F1FC68FF800341B4F /* One-image-Viewer */,
				AB3E4B6E1FC68FF800341B4F /* Products */,
			);
			sourceTree = "<group>";
		};
		AB3E4B6E1FC68FF800341B4F /* Products */ = {
			isa = PBXGroup;
			children = (
				AB3E4B6D1FC68FF800341B4F /* One-image-Viewer.app */,
			);
			name = Products;
			sourceTree = "<group>";
		};
		AB3E4B6F1FC68FF800341B4F /* One-image-Viewer */ = {
			isa = PBXGroup;
			children = (
				AB3E4B701FC68FF800341B4F /* AppDelegate.swift */,
				AB3E4B721FC68FF800341B4F /* ViewController.swift */,
				AB3E4B741FC68FF800341B4F /* Main.storyboard */,
				AB3E4B771FC68FF800341B4F /* Assets.xcassets */,
				AB3E4B791FC68FF800341B4F /* LaunchScreen.storyboard */,
				AB3E4B7C1FC68FF800341B4F /* Info.plist */,
			);
			path = "One-image-Viewer";
			sourceTree = "<group>";
		};
/* End PBXGroup section */

/* Begin PBXNativeTarget section */
		AB3E4B6C1FC68FF800341B4F /* One-image-Viewer */ = {
			isa = PBXNativeTarget;
			buildConfigurationList = AB3E4B7F1FC68FF800341B4F /* Build configuration list for PBXNativeTarget "One-image-Viewer" */;
			buildPhases = (
				AB3E4B691FC68FF800341B4F /* Sources */,
				AB3E4B6A1FC68FF800341B4F /* Frameworks */,
				AB3E4B6B1FC68FF800341B4F /* Resources */,
			);
			buildRules = (
			);
			dependencies = (
			);
			name = "One-image-Viewer";
			productName = "One-image-Viewer";
			productReference = AB3E4B6D1FC68FF800341B4F /* One-image-Viewer.app */;
			productType = "com.apple.product-type.application";
		};
/* End PBXNativeTarget section */

/* Begin PBXProject section */
		AB3E4B651FC68FF800341B4F /* Project object */ = {
			isa = PBXProject;
			attributes = {
				LastSwiftUpdateCheck = 0900;
				LastUpgradeCheck = 0900;
				ORGANIZATIONNAME = "黃珮鈞";
				TargetAttributes = {
					AB3E4B6C1FC68FF800341B4F = {
						CreatedOnToolsVersion = 9.0;
						ProvisioningStyle = Automatic;
					};
				};
			};
			buildConfigurationList = AB3E4B681FC68FF800341B4F /* Build configuration list for PBXProject "One-image-Viewer" */;
			compatibilityVersion = "Xcode 8.0";
			developmentRegion = en;
			hasScannedForEncodings = 0;
			knownRegions = (
				en,
				Base,
			);
			mainGroup = AB3E4B641FC68FF800341B4F;
			productRefGroup = AB3E4B6E1FC68FF800341B4F /* Products */;
			projectDirPath = "";
			projectRoot = "";
			targets = (
				AB3E4B6C1FC68FF800341B4F /* One-image-Viewer */,
			);
		};
/* End PBXProject section */

/* Begin PBXResourcesBuildPhase section */
		AB3E4B6B1FC68FF800341B4F /* Resources */ = {
			isa = PBXResourcesBuildPhase;
			buildActionMask = 2147483647;
			files = (
				AB3E4B7B1FC68FF800341B4F /* LaunchScreen.storyboard in Resources */,
				AB3E4B781FC68FF800341B4F /* Assets.xcassets in Resources */,
				AB3E4B761FC68FF800341B4F /* Main.storyboard in Resources */,
			);
			runOnlyForDeploymentPostprocessing = 0;
		};
/* End PBXResourcesBuildPhase section */

/* Begin PBXSourcesBuildPhase section */
		AB3E4B691FC68FF800341B4F /* Sources */ = {
			isa = PBXSourcesBuildPhase;
			buildActionMask = 2147483647;
			files = (
				AB3E4B731FC68FF800341B4F /* ViewController.swift in Sources */,
				AB3E4B711FC68FF800341B4F /* AppDelegate.swift in Sources */,
			);
			runOnlyForDeploymentPostprocessing = 0;
		};
/* End PBXSourcesBuildPhase section */

/* Begin PBXVariantGroup section */
		AB3E4B741FC68FF800341B4F /* Main.storyboard */ = {
			isa = PBXVariantGroup;
			children = (
				AB3E4B751FC68FF800341B4F /* Base */,
			);
			name = Main.storyboard;
			sourceTree = "<group>";
		};
		AB3E4B791FC68FF800341B4F /* LaunchScreen.storyboard */ = {
			isa = PBXVariantGroup;
			children = (
				AB3E4B7A1FC68FF800341B4F /* Base */,
			);
			name = LaunchScreen.storyboard;
			sourceTree = "<group>";
		};
/* End PBXVariantGroup section */

/* Begin XCBuildConfiguration section */
		AB3E4B7D1FC68FF800341B4F /* Debug */ = {
			isa = XCBuildConfiguration;
			buildSettings = {
				ALWAYS_SEARCH_USER_PATHS = NO;
				CLANG_ANALYZER_NONNULL = YES;
				CLANG_ANALYZER_NUMBER_OBJECT_CONVERSION = YES_AGGRESSIVE;
				CLANG_CXX_LANGUAGE_STANDARD = "gnu++14";
				CLANG_CXX_LIBRARY = "libc++";
				CLANG_ENABLE_MODULES = YES;
				CLANG_ENABLE_OBJC_ARC = YES;
				CLANG_WARN_BLOCK_CAPTURE_AUTORELEASING = YES;
				CLANG_WARN_BOOL_CONVERSION = YES;
				CLANG_WARN_COMMA = YES;
				CLANG_WARN_CONSTANT_CONVERSION = YES;
				CLANG_WARN_DIRECT_OBJC_ISA_USAGE = YES_ERROR;
				CLANG_WARN_DOCUMENTATION_COMMENTS = YES;
				CLANG_WARN_EMPTY_BODY = YES;
				CLANG_WARN_ENUM_CONVERSION = YES;
				CLANG_WARN_INFINITE_RECURSION = YES;
				CLANG_WARN_INT_CONVERSION = YES;
				CLANG_WARN_NON_LITERAL_NULL_CONVERSION = YES;
				CLANG_WARN_OBJC_LITERAL_CONVERSION = YES;
				CLANG_WARN_OBJC_ROOT_CLASS = YES_ERROR;
				CLANG_WARN_RANGE_LOOP_ANALYSIS = YES;
				CLANG_WARN_STRICT_PROTOTYPES = YES;
				CLANG_WARN_SUSPICIOUS_MOVE = YES;
				CLANG_WARN_UNGUARDED_AVAILABILITY = YES_AGGRESSIVE;
				CLANG_WARN_UNREACHABLE_CODE = YES;
				CLANG_WARN__DUPLICATE_METHOD_MATCH = YES;
				CODE_SIGN_IDENTITY = "iPhone Developer";
				COPY_PHASE_STRIP = NO;
				DEBUG_INFORMATION_FORMAT = dwarf;
				ENABLE_STRICT_OBJC_MSGSEND = YES;
				ENABLE_TESTABILITY = YES;
				GCC_C_LANGUAGE_STANDARD = gnu11;
				GCC_DYNAMIC_NO_PIC = NO;
				GCC_NO_COMMON_BLOCKS = YES;
				GCC_OPTIMIZATION_LEVEL = 0;
				GCC_PREPROCESSOR_DEFINITIONS = (
					"DEBUG=1",
					"$(inherited)",
				);
				GCC_WARN_64_TO_32_BIT_CONVERSION = YES;
				GCC_WARN_ABOUT_RETURN_TYPE = YES_ERROR;
				GCC_WARN_UNDECLARED_SELECTOR = YES;
				GCC_WARN_UNINITIALIZED_AUTOS = YES_AGGRESSIVE;
				GCC_WARN_UNUSED_FUNCTION = YES;
				GCC_WARN_UNUSED_VARIABLE = YES;
				IPHONEOS_DEPLOYMENT_TARGET = 11.0;
				MTL_ENABLE_DEBUG_INFO = YES;
				ONLY_ACTIVE_ARCH = YES;
				SDKROOT = iphoneos;
				SWIFT_ACTIVE_COMPILATION_CONDITIONS = DEBUG;
				SWIFT_OPTIMIZATION_LEVEL = "-Onone";
			};
			name = Debug;
		};
		AB3E4B7E1FC68FF800341B4F /* Release */ = {
			isa = XCBuildConfiguration;
			buildSettings = {
				ALWAYS_SEARCH_USER_PATHS = NO;
				CLANG_ANALYZER_NONNULL = YES;
				CLANG_ANALYZER_NUMBER_OBJECT_CONVERSION = YES_AGGRESSIVE;
				CLANG_CXX_LANGUAGE_STANDARD = "gnu++14";
				CLANG_CXX_LIBRARY = "libc++";
				CLANG_ENABLE_MODULES = YES;
				CLANG_ENABLE_OBJC_ARC = YES;
				CLANG_WARN_BLOCK_CAPTURE_AUTORELEASING = YES;
				CLANG_WARN_BOOL_CONVERSION = YES;
				CLANG_WARN_COMMA = YES;
				CLANG_WARN_CONSTANT_CONVERSION = YES;
				CLANG_WARN_DIRECT_OBJC_ISA_USAGE = YES_ERROR;
				CLANG_WARN_DOCUMENTATION_COMMENTS = YES;
				CLANG_WARN_EMPTY_BODY = YES;
				CLANG_WARN_ENUM_CONVERSION = YES;
				CLANG_WARN_INFINITE_RECURSION = YES;
				CLANG_WARN_INT_CONVERSION = YES;
				CLANG_WARN_NON_LITERAL_NULL_CONVERSION = YES;
				CLANG_WARN_OBJC_LITERAL_CONVERSION = YES;
				CLANG_WARN_OBJC_ROOT_CLASS = YES_ERROR;
				CLANG_WARN_RANGE_LOOP_ANALYSIS = YES;
				CLANG_WARN_STRICT_PROTOTYPES = YES;
				CLANG_WARN_SUSPICIOUS_MOVE = YES;
				CLANG_WARN_UNGUARDED_AVAILABILITY = YES_AGGRESSIVE;
				CLANG_WARN_UNREACHABLE_CODE = YES;
				CLANG_WARN__DUPLICATE_METHOD_MATCH = YES;
				CODE_SIGN_IDENTITY = "iPhone Developer";
				COPY_PHASE_STRIP = NO;
				DEBUG_INFORMATION_FORMAT = "dwarf-with-dsym";
				ENABLE_NS_ASSERTIONS = NO;
				ENABLE_STRICT_OBJC_MSGSEND = YES;
				GCC_C_LANGUAGE_STANDARD = gnu11;
				GCC_NO_COMMON_BLOCKS = YES;
				GCC_WARN_64_TO_32_BIT_CONVERSION = YES;
				GCC_WARN_ABOUT_RETURN_TYPE = YES_ERROR;
				GCC_WARN_UNDECLARED_SELECTOR = YES;
				GCC_WARN_UNINITIALIZED_AUTOS = YES_AGGRESSIVE;
				GCC_WARN_UNUSED_FUNCTION = YES;
				GCC_WARN_UNUSED_VARIABLE = YES;
				IPHONEOS_DEPLOYMENT_TARGET = 11.0;
				MTL_ENABLE_DEBUG_INFO = NO;
				SDKROOT = iphoneos;
				SWIFT_OPTIMIZATION_LEVEL = "-Owholemodule";
				VALIDATE_PRODUCT = YES;
			};
			name = Release;
		};
		AB3E4B801FC68FF800341B4F /* Debug */ = {
			isa = XCBuildConfiguration;
			buildSettings = {
				ASSETCATALOG_COMPILER_APPICON_NAME = AppIcon;
				CODE_SIGN_STYLE = Automatic;
				DEVELOPMENT_TEAM = 927RF5FP2C;
				INFOPLIST_FILE = "One-image-Viewer/Info.plist";
				IPHONEOS_DEPLOYMENT_TARGET = 10.0;
				LD_RUNPATH_SEARCH_PATHS = "$(inherited) @executable_path/Frameworks";
				PRODUCT_BUNDLE_IDENTIFIER = "AppWorks.One-image-Viewer";
				PRODUCT_NAME = "$(TARGET_NAME)";
				SWIFT_VERSION = 4.0;
				TARGETED_DEVICE_FAMILY = "1,2";
			};
			name = Debug;
		};
		AB3E4B811FC68FF800341B4F /* Release */ = {
			isa = XCBuildConfiguration;
			buildSettings = {
				ASSETCATALOG_COMPILER_APPICON_NAME = AppIcon;
				CODE_SIGN_STYLE = Automatic;
				DEVELOPMENT_TEAM = 927RF5FP2C;
				INFOPLIST_FILE = "One-image-Viewer/Info.plist";
				IPHONEOS_DEPLOYMENT_TARGET = 10.0;
				LD_RUNPATH_SEARCH_PATHS = "$(inherited) @executable_path/Frameworks";
				PRODUCT_BUNDLE_IDENTIFIER = "AppWorks.One-image-Viewer";
				PRODUCT_NAME = "$(TARGET_NAME)";
				SWIFT_VERSION = 4.0;
				TARGETED_DEVICE_FAMILY = "1,2";
			};
			name = Release;
		};
/* End XCBuildConfiguration section */

/* Begin XCConfigurationList section */
		AB3E4B681FC68FF800341B4F /* Build configuration list for PBXProject "One-image-Viewer" */ = {
			isa = XCConfigurationList;
			buildConfigurations = (
				AB3E4B7D1FC68FF800341B4F /* Debug */,
				AB3E4B7E1FC68FF800341B4F /* Release */,
			);
			defaultConfigurationIsVisible = 0;
			defaultConfigurationName = Release;
		};
		AB3E4B7F1FC68FF800341B4F /* Build configuration list for PBXNativeTarget "One-image-Viewer" */ = {
			isa = XCConfigurationList;
			buildConfigurations = (
				AB3E4B801FC68FF800341B4F /* Debug */,
				AB3E4B811FC68FF800341B4F /* Release */,
			);
			defaultConfigurationIsVisible = 0;
			defaultConfigurationName = Release;
		};
/* End XCConfigurationList section */
	};
	rootObject = AB3E4B651FC68FF800341B4F /* Project object */;
}
